{
    "name": "@kayahr/npm-utils",
    "version": "1.1.0",
    "lockfileVersion": 3,
    "requires": true,
    "packages": {
        "": {
            "name": "@kayahr/npm-utils",
            "version": "1.1.0",
            "license": "MIT",
            "bin": {
                "rm": "lib/main/rm.js",
                "run": "lib/main/run.js"
            },
            "devDependencies": {
                "@kayahr/cspell": "9.2.1-bundle.2",
                "@kayahr/npm-utils": "1.0.0",
                "@kayahr/ntest": "1.1.0",
                "@kayahr/oxlint-config": "1.5.0",
                "@types/node": "24.9.1",
                "typescript": "5.9.3"
            },
            "engines": {
                "node": ">=22.18.0"
            },
            "funding": {
                "url": "https://github.com/kayahr/npm-utils?sponsor=1"
            }
        },
        "node_modules/@kayahr/cspell": {
            "version": "9.2.1-bundle.2",
            "resolved": "https://registry.npmjs.org/@kayahr/cspell/-/cspell-9.2.1-bundle.2.tgz",
            "integrity": "sha512-Bn1II3NrVcyFXT8u6DOwtKv+qo1tSAZIW1HyKNTBhwwe0E1seN60WFbD1CzOdu+QzYhmx6BHiwtAdMslNz1s/g==",
            "dev": true,
            "license": "MIT",
            "bin": {
                "cspell": "lib/cspell.js"
            },
            "funding": {
                "url": "https://github.com/kayahr/cspell?sponsor=1"
            }
        },
        "node_modules/@kayahr/npm-utils": {
            "version": "1.0.0",
            "resolved": "https://registry.npmjs.org/@kayahr/npm-utils/-/npm-utils-1.0.0.tgz",
            "integrity": "sha512-vRIn6ZfWtbC1oAiEv5EVS2Tc9EgjElNrV7/UUZWER7fBfY3vARDzzq/y8ibqvbi5uRBy9Hyq6Sbcn7fJFmWpJw==",
            "dev": true,
            "license": "MIT",
            "bin": {
                "rm": "lib/main/rm.js",
                "run": "lib/main/run.js"
            },
            "engines": {
                "node": ">=22.18.0"
            },
            "funding": {
                "url": "https://github.com/kayahr/npm-utils?sponsor=1"
            }
        },
        "node_modules/@kayahr/ntest": {
            "version": "1.1.0",
            "resolved": "https://registry.npmjs.org/@kayahr/ntest/-/ntest-1.1.0.tgz",
            "integrity": "sha512-y2qkieBfkHY7345TGz/ntbB327s8PUNSI+MaIVyG8VEoWHnTpPUj03z80Nr2pn2EWTaT53O5YFQVqfJMGbbFSg==",
            "dev": true,
            "license": "MIT",
            "bin": {
                "ntest": "lib/main/ntest.js"
            },
            "engines": {
                "node": ">=22.18.0"
            },
            "funding": {
                "url": "https://github.com/kayahr/ntest?sponsor=1"
            }
        },
        "node_modules/@kayahr/oxlint-config": {
            "version": "1.5.0",
            "resolved": "https://registry.npmjs.org/@kayahr/oxlint-config/-/oxlint-config-1.5.0.tgz",
            "integrity": "sha512-JUC/pDKucVZeX/fOPji6PK6TQlc1n9sf/U5T80SmZdrz5ANMHxZrmQdBJ0x6CQJvea+B0Lyes/2j3tvvjwkynA==",
            "dev": true,
            "license": "MIT",
            "dependencies": {
                "oxlint": "^1.23.0",
                "oxlint-tsgolint": "^0.2.0"
            },
            "funding": {
                "url": "https://github.com/kayahr/oxlint-config?sponsor=1"
            }
        },
        "node_modules/@oxlint-tsgolint/darwin-arm64": {
            "version": "0.2.1",
            "resolved": "https://registry.npmjs.org/@oxlint-tsgolint/darwin-arm64/-/darwin-arm64-0.2.1.tgz",
            "integrity": "sha512-1cjcZkgpkWTfkFx111weVsvlnDG3+a7Y3qei+VCbr55LwKTHSzGq9tVNakIHRJ6NZfX7bQKYU4yef3p6AKoteg==",
            "cpu": [
                "arm64"
            ],
            "dev": true,
            "license": "MIT",
            "optional": true,
            "os": [
                "darwin"
            ]
        },
        "node_modules/@oxlint-tsgolint/darwin-x64": {
            "version": "0.2.1",
            "resolved": "https://registry.npmjs.org/@oxlint-tsgolint/darwin-x64/-/darwin-x64-0.2.1.tgz",
            "integrity": "sha512-Copd7aMOmL0aPUCBZnZBG1nHXOVnZnHT02okUnkNdwNAWUJw7thnhHln5yX4iLfCA4cky7iF3XXIVl+CRI/siQ==",
            "cpu": [
                "x64"
            ],
            "dev": true,
            "license": "MIT",
            "optional": true,
            "os": [
                "darwin"
            ]
        },
        "node_modules/@oxlint-tsgolint/linux-arm64": {
            "version": "0.2.1",
            "resolved": "https://registry.npmjs.org/@oxlint-tsgolint/linux-arm64/-/linux-arm64-0.2.1.tgz",
            "integrity": "sha512-MW6M2r/+cHbj01yKwRuQKwstKfY72wT/JCXI65rFPtRgN8JpuKUghOpaZpNs1oYfNNo308UTh41Dpfwl2k5weA==",
            "cpu": [
                "arm64"
            ],
            "dev": true,
            "license": "MIT",
            "optional": true,
            "os": [
                "linux"
            ]
        },
        "node_modules/@oxlint-tsgolint/linux-x64": {
            "version": "0.2.1",
            "resolved": "https://registry.npmjs.org/@oxlint-tsgolint/linux-x64/-/linux-x64-0.2.1.tgz",
            "integrity": "sha512-OacFTtQ8gso1c1za6lWdczFWXXo6djc7CFF3uKLfKwd2aHDkyC50Izkmv7MHwfAFtFdqSLcJKhF2VPExDmjKHg==",
            "cpu": [
                "x64"
            ],
            "dev": true,
            "license": "MIT",
            "optional": true,
            "os": [
                "linux"
            ]
        },
        "node_modules/@oxlint-tsgolint/win32-arm64": {
            "version": "0.2.1",
            "resolved": "https://registry.npmjs.org/@oxlint-tsgolint/win32-arm64/-/win32-arm64-0.2.1.tgz",
            "integrity": "sha512-Fq/vJqT4PgEWWIRP7wYSfK3DU7eEG9eOVOvIo72T6wCUrnAKDQsyUzh5bOVbTxWj/ujAc6CT7+GxdpOEueK0bw==",
            "cpu": [
                "arm64"
            ],
            "dev": true,
            "license": "MIT",
            "optional": true,
            "os": [
                "win32"
            ]
        },
        "node_modules/@oxlint-tsgolint/win32-x64": {
            "version": "0.2.1",
            "resolved": "https://registry.npmjs.org/@oxlint-tsgolint/win32-x64/-/win32-x64-0.2.1.tgz",
            "integrity": "sha512-Y6Fy4N7FCwxya+scCis+FokK5vWa9+Stb1Rw0x6VybhZpXFSGohBKmDTj6WUkoDyJ+Wl1FkArkAVQnoPP9uNRg==",
            "cpu": [
                "x64"
            ],
            "dev": true,
            "license": "MIT",
            "optional": true,
            "os": [
                "win32"
            ]
        },
        "node_modules/@oxlint/darwin-arm64": {
            "version": "1.24.0",
            "resolved": "https://registry.npmjs.org/@oxlint/darwin-arm64/-/darwin-arm64-1.24.0.tgz",
            "integrity": "sha512-1Kd2+Ai1ttskhbJR+DNU4Y4YEDyP/cd50nWt2rAe2aE78dMOalaVGps3s8UnJkXpDL9ZqkgOHVDE5Doj2lxatw==",
            "cpu": [
                "arm64"
            ],
            "dev": true,
            "license": "MIT",
            "optional": true,
            "os": [
                "darwin"
            ]
        },
        "node_modules/@oxlint/darwin-x64": {
            "version": "1.24.0",
            "resolved": "https://registry.npmjs.org/@oxlint/darwin-x64/-/darwin-x64-1.24.0.tgz",
            "integrity": "sha512-/R9VbnuTp7bLIBh6ucDHjx0po0wLQODLqzy+L/Frn5z4ifMVdE63DB+LHO8QAj+WEQleQq3u/MMms7RFPulCLA==",
            "cpu": [
                "x64"
            ],
            "dev": true,
            "license": "MIT",
            "optional": true,
            "os": [
                "darwin"
            ]
        },
        "node_modules/@oxlint/linux-arm64-gnu": {
            "version": "1.24.0",
            "resolved": "https://registry.npmjs.org/@oxlint/linux-arm64-gnu/-/linux-arm64-gnu-1.24.0.tgz",
            "integrity": "sha512-fA90bIQ1b44eNg0uULlTonqsADVIBnMz169mav6IhfZL9V6DpBCUWrV+8tEQCxbDvYC0WY1guBpPo2QWUnC/Dw==",
            "cpu": [
                "arm64"
            ],
            "dev": true,
            "license": "MIT",
            "optional": true,
            "os": [
                "linux"
            ]
        },
        "node_modules/@oxlint/linux-arm64-musl": {
            "version": "1.24.0",
            "resolved": "https://registry.npmjs.org/@oxlint/linux-arm64-musl/-/linux-arm64-musl-1.24.0.tgz",
            "integrity": "sha512-p7Bv9FTQ1lf4Z7OiIFwiy+cY2fxN6IJc0+2gJ4z2fpaQ0J2rQQcKdJ5RLQTxf+tAu7hyqjc6bf61EAGa9lb/GA==",
            "cpu": [
                "arm64"
            ],
            "dev": true,
            "license": "MIT",
            "optional": true,
            "os": [
                "linux"
            ]
        },
        "node_modules/@oxlint/linux-x64-gnu": {
            "version": "1.24.0",
            "resolved": "https://registry.npmjs.org/@oxlint/linux-x64-gnu/-/linux-x64-gnu-1.24.0.tgz",
            "integrity": "sha512-wIQOpTONiJ9pYPnLEq7UFuml8mpmSFTfUveNbT2rw9iXfj2nLMf7NIqGnUYQdvnnOi+maag9uei/WImXIm9LQQ==",
            "cpu": [
                "x64"
            ],
            "dev": true,
            "license": "MIT",
            "optional": true,
            "os": [
                "linux"
            ]
        },
        "node_modules/@oxlint/linux-x64-musl": {
            "version": "1.24.0",
            "resolved": "https://registry.npmjs.org/@oxlint/linux-x64-musl/-/linux-x64-musl-1.24.0.tgz",
            "integrity": "sha512-HxcDX/SpTH7yC/Rn2MinjSHZmNpn79yJkBid792DWjP9bo0CnlNXOXMPXsbm+WqptvqQ9yUPCxf7KascUvxLyQ==",
            "cpu": [
                "x64"
            ],
            "dev": true,
            "license": "MIT",
            "optional": true,
            "os": [
                "linux"
            ]
        },
        "node_modules/@oxlint/win32-arm64": {
            "version": "1.24.0",
            "resolved": "https://registry.npmjs.org/@oxlint/win32-arm64/-/win32-arm64-1.24.0.tgz",
            "integrity": "sha512-P1KtZ/xL+TcNTTmOtEsVrpqAdmpu2UCRAILjoqQyrYvI/CW6SdvoJfMBTntKOZaB52Peq2BHTgsYovON8q4FfQ==",
            "cpu": [
                "arm64"
            ],
            "dev": true,
            "license": "MIT",
            "optional": true,
            "os": [
                "win32"
            ]
        },
        "node_modules/@oxlint/win32-x64": {
            "version": "1.24.0",
            "resolved": "https://registry.npmjs.org/@oxlint/win32-x64/-/win32-x64-1.24.0.tgz",
            "integrity": "sha512-JMbMm7i1esFl12fRdOQwoeEeufWXxihOme8pZpI6jrwWK1kCIANMb5agI5Lkjf5vToQOP3DLXYc29aDm16fw6g==",
            "cpu": [
                "x64"
            ],
            "dev": true,
            "license": "MIT",
            "optional": true,
            "os": [
                "win32"
            ]
        },
        "node_modules/@types/node": {
            "version": "24.9.1",
            "resolved": "https://registry.npmjs.org/@types/node/-/node-24.9.1.tgz",
            "integrity": "sha512-QoiaXANRkSXK6p0Duvt56W208du4P9Uye9hWLWgGMDTEoKPhuenzNcC4vGUmrNkiOKTlIrBoyNQYNpSwfEZXSg==",
            "dev": true,
            "license": "MIT",
            "dependencies": {
                "undici-types": "~7.16.0"
            }
        },
        "node_modules/oxlint": {
            "version": "1.24.0",
            "resolved": "https://registry.npmjs.org/oxlint/-/oxlint-1.24.0.tgz",
            "integrity": "sha512-swXlnHT7ywcCApkctIbgOSjDYHwMa12yMU0iXevfDuHlYkRUcbQrUv6nhM5v6B0+Be3zTBMNDGPAMQv0oznzRQ==",
            "dev": true,
            "license": "MIT",
            "bin": {
                "oxc_language_server": "bin/oxc_language_server",
                "oxlint": "bin/oxlint"
            },
            "engines": {
                "node": "^20.19.0 || >=22.12.0"
            },
            "funding": {
                "url": "https://github.com/sponsors/Boshen"
            },
            "optionalDependencies": {
                "@oxlint/darwin-arm64": "1.24.0",
                "@oxlint/darwin-x64": "1.24.0",
                "@oxlint/linux-arm64-gnu": "1.24.0",
                "@oxlint/linux-arm64-musl": "1.24.0",
                "@oxlint/linux-x64-gnu": "1.24.0",
                "@oxlint/linux-x64-musl": "1.24.0",
                "@oxlint/win32-arm64": "1.24.0",
                "@oxlint/win32-x64": "1.24.0"
            },
            "peerDependencies": {
                "oxlint-tsgolint": ">=0.2.0"
            },
            "peerDependenciesMeta": {
                "oxlint-tsgolint": {
                    "optional": true
                }
            }
        },
        "node_modules/oxlint-tsgolint": {
            "version": "0.2.1",
            "resolved": "https://registry.npmjs.org/oxlint-tsgolint/-/oxlint-tsgolint-0.2.1.tgz",
            "integrity": "sha512-Z5tZw9nilmLo+EukScIhGZSVRasjyCCUQrDlX5CoJNqbnv/mlo+mnTmiEN4cmJeKMwHSHSvgAaDn+0gfHAv24w==",
            "dev": true,
            "license": "MIT",
            "peer": true,
            "bin": {
                "tsgolint": "bin/tsgolint.js"
            },
            "optionalDependencies": {
                "@oxlint-tsgolint/darwin-arm64": "0.2.1",
                "@oxlint-tsgolint/darwin-x64": "0.2.1",
                "@oxlint-tsgolint/linux-arm64": "0.2.1",
                "@oxlint-tsgolint/linux-x64": "0.2.1",
                "@oxlint-tsgolint/win32-arm64": "0.2.1",
                "@oxlint-tsgolint/win32-x64": "0.2.1"
            }
        },
        "node_modules/typescript": {
            "version": "5.9.3",
            "resolved": "https://registry.npmjs.org/typescript/-/typescript-5.9.3.tgz",
            "integrity": "sha512-jl1vZzPDinLr9eUt3J/t7V6FgNEw9QjvBPdysz9KfQDD41fQrC2Y4vKQdiaUpFT4bXlb1RHhLpp8wtm6M5TgSw==",
            "dev": true,
            "license": "Apache-2.0",
            "bin": {
                "tsc": "bin/tsc",
                "tsserver": "bin/tsserver"
            },
            "engines": {
                "node": ">=14.17"
            }
        },
        "node_modules/undici-types": {
            "version": "7.16.0",
            "resolved": "https://registry.npmjs.org/undici-types/-/undici-types-7.16.0.tgz",
            "integrity": "sha512-Zz+aZWSj8LE6zoxD+xrjh4VfkIG8Ya6LvYkZqtUQGJPZjYl53ypCaUwWqo7eI0x66KBGeRo+mlBEkMSeSZ38Nw==",
            "dev": true,
            "license": "MIT"
        }
    }
}
